# Prisma Migrate lockfile v1

20200705114620-init
20200705190056-init
20200706185355-test-code
20200706190442-optional-code
20200706192640-nullable-code
20200707175248-test-run
20200709142015-created-at
20200709142620-updated-at
20200709142746-updated-at
20200712081652-logs
20200714192817-log
20200714200906-log-time-to-int
20200714201731-datetime
20200715135518-log-relation-change
20200715145411-stack
20200722171335-screenshots
20200724114305-hashed-api-key
20200724123101-unique-hashed-api-key
20200724131936-reworked-apikey
20200724132538-move-relation-api-key
20200724134204-unique-user-id
20200727194912-team
20200727195025-int-team-id
20200727195719-team-id-string
20200727200108-teams
20200729175259-required-team